
Microsoft Visual Studio Solution File, Format Version 12.00
# Visual Studio Version 16
VisualStudioVersion = 16.0.30711.63
MinimumVisualStudioVersion = 10.0.40219.1
Project("{FAE04EC0-301F-11D3-BF4B-00C04F79EFBC}") = "Navigation.UWP", "Navigation\Navigation.UWP\Navigation.UWP.csproj", "{F67360F0-D8CA-464A-AEF4-F4B9B96481B6}"
EndProject
Project("{FAE04EC0-301F-11D3-BF4B-00C04F79EFBC}") = "Navigation.Android", "Navigation\Navigation.Android\Navigation.Android.csproj", "{B481BA92-3A71-4D7D-959E-66BCA00C7BE1}"
EndProject
Project("{FAE04EC0-301F-11D3-BF4B-00C04F79EFBC}") = "Navigation.iOS", "Navigation\Navigation.iOS\Navigation.iOS.csproj", "{FE05B0FC-CE55-4DA5-BE25-33219B9A388E}"
EndProject
Project("{FAE04EC0-301F-11D3-BF4B-00C04F79EFBC}") = "Navigation", "Navigation\Navigation\Navigation.csproj", "{D75BFE28-1687-43A5-9D1F-627C825FB8BB}"
EndProject
Project("{FAE04EC0-301F-11D3-BF4B-00C04F79EFBC}") = "Navigation.Wpf", "Navigation.Wpf\Navigation.Wpf.csproj", "{E29D2261-8A05-41A6-B20F-3D0B4764A80D}"
EndProject
Global
	GlobalSection(SolutionConfigurationPlatforms) = preSolution
		Debug|Any CPU = Debug|Any CPU
		Debug|ARM = Debug|ARM
		Debug|iPhone = Debug|iPhone
		Debug|iPhoneSimulator = Debug|iPhoneSimulator
		Debug|x64 = Debug|x64
		Debug|x86 = Debug|x86
		Release|Any CPU = Release|Any CPU
		Release|ARM = Release|ARM
		Release|iPhone = Release|iPhone
		Release|iPhoneSimulator = Release|iPhoneSimulator
		Release|x64 = Release|x64
		Release|x86 = Release|x86
	EndGlobalSection
	GlobalSection(ProjectConfigurationPlatforms) = postSolution
		{F67360F0-D8CA-464A-AEF4-F4B9B96481B6}.Debug|Any CPU.ActiveCfg = Debug|x86
		{F67360F0-D8CA-464A-AEF4-F4B9B96481B6}.Debug|Any CPU.Build.0 = Debug|x86
		{F67360F0-D8CA-464A-AEF4-F4B9B96481B6}.Debug|Any CPU.Deploy.0 = Debug|x86
		{F67360F0-D8CA-464A-AEF4-F4B9B96481B6}.Debug|ARM.ActiveCfg = Debug|ARM
		{F67360F0-D8CA-464A-AEF4-F4B9B96481B6}.Debug|ARM.Build.0 = Debug|ARM
		{F67360F0-D8CA-464A-AEF4-F4B9B96481B6}.Debug|ARM.Deploy.0 = Debug|ARM
		{F67360F0-D8CA-464A-AEF4-F4B9B96481B6}.Debug|iPhone.ActiveCfg = Debug|x86
		{F67360F0-D8CA-464A-AEF4-F4B9B96481B6}.Debug|iPhone.Build.0 = Debug|x86
		{F67360F0-D8CA-464A-AEF4-F4B9B96481B6}.Debug|iPhone.Deploy.0 = Debug|x86
		{F67360F0-D8CA-464A-AEF4-F4B9B96481B6}.Debug|iPhoneSimulator.ActiveCfg = Debug|x86
		{F67360F0-D8CA-464A-AEF4-F4B9B96481B6}.Debug|iPhoneSimulator.Build.0 = Debug|x86
		{F67360F0-D8CA-464A-AEF4-F4B9B96481B6}.Debug|iPhoneSimulator.Deploy.0 = Debug|x86
		{F67360F0-D8CA-464A-AEF4-F4B9B96481B6}.Debug|x64.ActiveCfg = Debug|x64
		{F67360F0-D8CA-464A-AEF4-F4B9B96481B6}.Debug|x64.Build.0 = Debug|x64
		{F67360F0-D8CA-464A-AEF4-F4B9B96481B6}.Debug|x64.Deploy.0 = Debug|x64
		{F67360F0-D8CA-464A-AEF4-F4B9B96481B6}.Debug|x86.ActiveCfg = Debug|x86
		{F67360F0-D8CA-464A-AEF4-F4B9B96481B6}.Debug|x86.Build.0 = Debug|x86
		{F67360F0-D8CA-464A-AEF4-F4B9B96481B6}.Debug|x86.Deploy.0 = Debug|x86
		{F67360F0-D8CA-464A-AEF4-F4B9B96481B6}.Release|Any CPU.ActiveCfg = Release|x86
		{F67360F0-D8CA-464A-AEF4-F4B9B96481B6}.Release|Any CPU.Build.0 = Release|x86
		{F67360F0-D8CA-464A-AEF4-F4B9B96481B6}.Release|Any CPU.Deploy.0 = Release|x86
		{F67360F0-D8CA-464A-AEF4-F4B9B96481B6}.Release|ARM.ActiveCfg = Release|ARM
		{F67360F0-D8CA-464A-AEF4-F4B9B96481B6}.Release|ARM.Build.0 = Release|ARM
		{F67360F0-D8CA-464A-AEF4-F4B9B96481B6}.Release|ARM.Deploy.0 = Release|ARM
		{F67360F0-D8CA-464A-AEF4-F4B9B96481B6}.Release|iPhone.ActiveCfg = Release|x86
		{F67360F0-D8CA-464A-AEF4-F4B9B96481B6}.Release|iPhone.Build.0 = Release|x86
		{F67360F0-D8CA-464A-AEF4-F4B9B96481B6}.Release|iPhone.Deploy.0 = Release|x86
		{F67360F0-D8CA-464A-AEF4-F4B9B96481B6}.Release|iPhoneSimulator.ActiveCfg = Release|x86
		{F67360F0-D8CA-464A-AEF4-F4B9B96481B6}.Release|iPhoneSimulator.Build.0 = Release|x86
		{F67360F0-D8CA-464A-AEF4-F4B9B96481B6}.Release|iPhoneSimulator.Deploy.0 = Release|x86
		{F67360F0-D8CA-464A-AEF4-F4B9B96481B6}.Release|x64.ActiveCfg = Release|x64
		{F67360F0-D8CA-464A-AEF4-F4B9B96481B6}.Release|x64.Build.0 = Release|x64
		{F67360F0-D8CA-464A-AEF4-F4B9B96481B6}.Release|x64.Deploy.0 = Release|x64
		{F67360F0-D8CA-464A-AEF4-F4B9B96481B6}.Release|x86.ActiveCfg = Release|x86
		{F67360F0-D8CA-464A-AEF4-F4B9B96481B6}.Release|x86.Build.0 = Release|x86
		{F67360F0-D8CA-464A-AEF4-F4B9B96481B6}.Release|x86.Deploy.0 = Release|x86
		{B481BA92-3A71-4D7D-959E-66BCA00C7BE1}.Debug|Any CPU.ActiveCfg = Debug|Any CPU
		{B481BA92-3A71-4D7D-959E-66BCA00C7BE1}.Debug|Any CPU.Build.0 = Debug|Any CPU
		{B481BA92-3A71-4D7D-959E-66BCA00C7BE1}.Debug|Any CPU.Deploy.0 = Debug|Any CPU
		{B481BA92-3A71-4D7D-959E-66BCA00C7BE1}.Debug|ARM.ActiveCfg = Debug|Any CPU
		{B481BA92-3A71-4D7D-959E-66BCA00C7BE1}.Debug|ARM.Build.0 = Debug|Any CPU
		{B481BA92-3A71-4D7D-959E-66BCA00C7BE1}.Debug|ARM.Deploy.0 = Debug|Any CPU
		{B481BA92-3A71-4D7D-959E-66BCA00C7BE1}.Debug|iPhone.ActiveCfg = Debug|Any CPU
		{B481BA92-3A71-4D7D-959E-66BCA00C7BE1}.Debug|iPhone.Build.0 = Debug|Any CPU
		{B481BA92-3A71-4D7D-959E-66BCA00C7BE1}.Debug|iPhone.Deploy.0 = Debug|Any CPU
		{B481BA92-3A71-4D7D-959E-66BCA00C7BE1}.Debug|iPhoneSimulator.ActiveCfg = Debug|Any CPU
		{B481BA92-3A71-4D7D-959E-66BCA00C7BE1}.Debug|iPhoneSimulator.Build.0 = Debug|Any CPU
		{B481BA92-3A71-4D7D-959E-66BCA00C7BE1}.Debug|iPhoneSimulator.Deploy.0 = Debug|Any CPU
		{B481BA92-3A71-4D7D-959E-66BCA00C7BE1}.Debug|x64.ActiveCfg = Debug|Any CPU
		{B481BA92-3A71-4D7D-959E-66BCA00C7BE1}.Debug|x64.Build.0 = Debug|Any CPU
		{B481BA92-3A71-4D7D-959E-66BCA00C7BE1}.Debug|x64.Deploy.0 = Debug|Any CPU
		{B481BA92-3A71-4D7D-959E-66BCA00C7BE1}.Debug|x86.ActiveCfg = Debug|Any CPU
		{B481BA92-3A71-4D7D-959E-66BCA00C7BE1}.Debug|x86.Build.0 = Debug|Any CPU
		{B481BA92-3A71-4D7D-959E-66BCA00C7BE1}.Debug|x86.Deploy.0 = Debug|Any CPU
		{B481BA92-3A71-4D7D-959E-66BCA00C7BE1}.Release|Any CPU.ActiveCfg = Release|Any CPU
		{B481BA92-3A71-4D7D-959E-66BCA00C7BE1}.Release|Any CPU.Build.0 = Release|Any CPU
		{B481BA92-3A71-4D7D-959E-66BCA00C7BE1}.Release|Any CPU.Deploy.0 = Release|Any CPU
		{B481BA92-3A71-4D7D-959E-66BCA00C7BE1}.Release|ARM.ActiveCfg = Release|Any CPU
		{B481BA92-3A71-4D7D-959E-66BCA00C7BE1}.Release|ARM.Build.0 = Release|Any CPU
		{B481BA92-3A71-4D7D-959E-66BCA00C7BE1}.Release|ARM.Deploy.0 = Release|Any CPU
		{B481BA92-3A71-4D7D-959E-66BCA00C7BE1}.Release|iPhone.ActiveCfg = Release|Any CPU
		{B481BA92-3A71-4D7D-959E-66BCA00C7BE1}.Release|iPhone.Build.0 = Release|Any CPU
		{B481BA92-3A71-4D7D-959E-66BCA00C7BE1}.Release|iPhone.Deploy.0 = Release|Any CPU
		{B481BA92-3A71-4D7D-959E-66BCA00C7BE1}.Release|iPhoneSimulator.ActiveCfg = Release|Any CPU
		{B481BA92-3A71-4D7D-959E-66BCA00C7BE1}.Release|iPhoneSimulator.Build.0 = Release|Any CPU
		{B481BA92-3A71-4D7D-959E-66BCA00C7BE1}.Release|iPhoneSimulator.Deploy.0 = Release|Any CPU
		{B481BA92-3A71-4D7D-959E-66BCA00C7BE1}.Release|x64.ActiveCfg = Release|Any CPU
		{B481BA92-3A71-4D7D-959E-66BCA00C7BE1}.Release|x64.Build.0 = Release|Any CPU
		{B481BA92-3A71-4D7D-959E-66BCA00C7BE1}.Release|x64.Deploy.0 = Release|Any CPU
		{B481BA92-3A71-4D7D-959E-66BCA00C7BE1}.Release|x86.ActiveCfg = Release|Any CPU
		{B481BA92-3A71-4D7D-959E-66BCA00C7BE1}.Release|x86.Build.0 = Release|Any CPU
		{B481BA92-3A71-4D7D-959E-66BCA00C7BE1}.Release|x86.Deploy.0 = Release|Any CPU
		{FE05B0FC-CE55-4DA5-BE25-33219B9A388E}.Debug|Any CPU.ActiveCfg = Debug|iPhoneSimulator
		{FE05B0FC-CE55-4DA5-BE25-33219B9A388E}.Debug|Any CPU.Build.0 = Debug|iPhoneSimulator
		{FE05B0FC-CE55-4DA5-BE25-33219B9A388E}.Debug|Any CPU.Deploy.0 = Debug|iPhoneSimulator
		{FE05B0FC-CE55-4DA5-BE25-33219B9A388E}.Debug|ARM.ActiveCfg = Debug|iPhone
		{FE05B0FC-CE55-4DA5-BE25-33219B9A388E}.Debug|ARM.Build.0 = Debug|iPhone
		{FE05B0FC-CE55-4DA5-BE25-33219B9A388E}.Debug|ARM.Deploy.0 = Debug|iPhone
		{FE05B0FC-CE55-4DA5-BE25-33219B9A388E}.Debug|iPhone.ActiveCfg = Debug|iPhone
		{FE05B0FC-CE55-4DA5-BE25-33219B9A388E}.Debug|iPhone.Build.0 = Debug|iPhone
		{FE05B0FC-CE55-4DA5-BE25-33219B9A388E}.Debug|iPhone.Deploy.0 = Debug|iPhone
		{FE05B0FC-CE55-4DA5-BE25-33219B9A388E}.Debug|iPhoneSimulator.ActiveCfg = Debug|iPhoneSimulator
		{FE05B0FC-CE55-4DA5-BE25-33219B9A388E}.Debug|iPhoneSimulator.Build.0 = Debug|iPhoneSimulator
		{FE05B0FC-CE55-4DA5-BE25-33219B9A388E}.Debug|iPhoneSimulator.Deploy.0 = Debug|iPhoneSimulator
		{FE05B0FC-CE55-4DA5-BE25-33219B9A388E}.Debug|x64.ActiveCfg = Debug|iPhoneSimulator
		{FE05B0FC-CE55-4DA5-BE25-33219B9A388E}.Debug|x64.Build.0 = Debug|iPhoneSimulator
		{FE05B0FC-CE55-4DA5-BE25-33219B9A388E}.Debug|x64.Deploy.0 = Debug|iPhoneSimulator
		{FE05B0FC-CE55-4DA5-BE25-33219B9A388E}.Debug|x86.ActiveCfg = Debug|iPhoneSimulator
		{FE05B0FC-CE55-4DA5-BE25-33219B9A388E}.Debug|x86.Build.0 = Debug|iPhoneSimulator
		{FE05B0FC-CE55-4DA5-BE25-33219B9A388E}.Debug|x86.Deploy.0 = Debug|iPhoneSimulator
		{FE05B0FC-CE55-4DA5-BE25-33219B9A388E}.Release|Any CPU.ActiveCfg = Release|iPhoneSimulator
		{FE05B0FC-CE55-4DA5-BE25-33219B9A388E}.Release|Any CPU.Build.0 = Release|iPhoneSimulator
		{FE05B0FC-CE55-4DA5-BE25-33219B9A388E}.Release|Any CPU.Deploy.0 = Release|iPhoneSimulator
		{FE05B0FC-CE55-4DA5-BE25-33219B9A388E}.Release|ARM.ActiveCfg = Release|iPhoneSimulator
		{FE05B0FC-CE55-4DA5-BE25-33219B9A388E}.Release|ARM.Build.0 = Release|iPhoneSimulator
		{FE05B0FC-CE55-4DA5-BE25-33219B9A388E}.Release|ARM.Deploy.0 = Release|iPhoneSimulator
		{FE05B0FC-CE55-4DA5-BE25-33219B9A388E}.Release|iPhone.ActiveCfg = Release|iPhone
		{FE05B0FC-CE55-4DA5-BE25-33219B9A388E}.Release|iPhone.Build.0 = Release|iPhone
		{FE05B0FC-CE55-4DA5-BE25-33219B9A388E}.Release|iPhone.Deploy.0 = Release|iPhone
		{FE05B0FC-CE55-4DA5-BE25-33219B9A388E}.Release|iPhoneSimulator.ActiveCfg = Release|iPhoneSimulator
		{FE05B0FC-CE55-4DA5-BE25-33219B9A388E}.Release|iPhoneSimulator.Build.0 = Release|iPhoneSimulator
		{FE05B0FC-CE55-4DA5-BE25-33219B9A388E}.Release|iPhoneSimulator.Deploy.0 = Release|iPhoneSimulator
		{FE05B0FC-CE55-4DA5-BE25-33219B9A388E}.Release|x64.ActiveCfg = Release|iPhoneSimulator
		{FE05B0FC-CE55-4DA5-BE25-33219B9A388E}.Release|x64.Build.0 = Release|iPhoneSimulator
		{FE05B0FC-CE55-4DA5-BE25-33219B9A388E}.Release|x64.Deploy.0 = Release|iPhoneSimulator
		{FE05B0FC-CE55-4DA5-BE25-33219B9A388E}.Release|x86.ActiveCfg = Release|iPhoneSimulator
		{FE05B0FC-CE55-4DA5-BE25-33219B9A388E}.Release|x86.Build.0 = Release|iPhoneSimulator
		{FE05B0FC-CE55-4DA5-BE25-33219B9A388E}.Release|x86.Deploy.0 = Release|iPhoneSimulator
		{D75BFE28-1687-43A5-9D1F-627C825FB8BB}.Debug|Any CPU.ActiveCfg = Debug|Any CPU
		{D75BFE28-1687-43A5-9D1F-627C825FB8BB}.Debug|Any CPU.Build.0 = Debug|Any CPU
		{D75BFE28-1687-43A5-9D1F-627C825FB8BB}.Debug|Any CPU.Deploy.0 = Debug|Any CPU
		{D75BFE28-1687-43A5-9D1F-627C825FB8BB}.Debug|ARM.ActiveCfg = Debug|Any CPU
		{D75BFE28-1687-43A5-9D1F-627C825FB8BB}.Debug|ARM.Build.0 = Debug|Any CPU
		{D75BFE28-1687-43A5-9D1F-627C825FB8BB}.Debug|ARM.Deploy.0 = Debug|Any CPU
		{D75BFE28-1687-43A5-9D1F-627C825FB8BB}.Debug|iPhone.ActiveCfg = Debug|Any CPU
		{D75BFE28-1687-43A5-9D1F-627C825FB8BB}.Debug|iPhone.Build.0 = Debug|Any CPU
		{D75BFE28-1687-43A5-9D1F-627C825FB8BB}.Debug|iPhone.Deploy.0 = Debug|Any CPU
		{D75BFE28-1687-43A5-9D1F-627C825FB8BB}.Debug|iPhoneSimulator.ActiveCfg = Debug|Any CPU
		{D75BFE28-1687-43A5-9D1F-627C825FB8BB}.Debug|iPhoneSimulator.Build.0 = Debug|Any CPU
		{D75BFE28-1687-43A5-9D1F-627C825FB8BB}.Debug|iPhoneSimulator.Deploy.0 = Debug|Any CPU
		{D75BFE28-1687-43A5-9D1F-627C825FB8BB}.Debug|x64.ActiveCfg = Debug|Any CPU
		{D75BFE28-1687-43A5-9D1F-627C825FB8BB}.Debug|x64.Build.0 = Debug|Any CPU
		{D75BFE28-1687-43A5-9D1F-627C825FB8BB}.Debug|x64.Deploy.0 = Debug|Any CPU
		{D75BFE28-1687-43A5-9D1F-627C825FB8BB}.Debug|x86.ActiveCfg = Debug|Any CPU
		{D75BFE28-1687-43A5-9D1F-627C825FB8BB}.Debug|x86.Build.0 = Debug|Any CPU
		{D75BFE28-1687-43A5-9D1F-627C825FB8BB}.Debug|x86.Deploy.0 = Debug|Any CPU
		{D75BFE28-1687-43A5-9D1F-627C825FB8BB}.Release|Any CPU.ActiveCfg = Release|Any CPU
		{D75BFE28-1687-43A5-9D1F-627C825FB8BB}.Release|Any CPU.Build.0 = Release|Any CPU
		{D75BFE28-1687-43A5-9D1F-627C825FB8BB}.Release|Any CPU.Deploy.0 = Release|Any CPU
		{D75BFE28-1687-43A5-9D1F-627C825FB8BB}.Release|ARM.ActiveCfg = Release|Any CPU
		{D75BFE28-1687-43A5-9D1F-627C825FB8BB}.Release|ARM.Build.0 = Release|Any CPU
		{D75BFE28-1687-43A5-9D1F-627C825FB8BB}.Release|ARM.Deploy.0 = Release|Any CPU
		{D75BFE28-1687-43A5-9D1F-627C825FB8BB}.Release|iPhone.ActiveCfg = Release|Any CPU
		{D75BFE28-1687-43A5-9D1F-627C825FB8BB}.Release|iPhone.Build.0 = Release|Any CPU
		{D75BFE28-1687-43A5-9D1F-627C825FB8BB}.Release|iPhone.Deploy.0 = Release|Any CPU
		{D75BFE28-1687-43A5-9D1F-627C825FB8BB}.Release|iPhoneSimulator.ActiveCfg = Release|Any CPU
		{D75BFE28-1687-43A5-9D1F-627C825FB8BB}.Release|iPhoneSimulator.Build.0 = Release|Any CPU
		{D75BFE28-1687-43A5-9D1F-627C825FB8BB}.Release|iPhoneSimulator.Deploy.0 = Release|Any CPU
		{D75BFE28-1687-43A5-9D1F-627C825FB8BB}.Release|x64.ActiveCfg = Release|Any CPU
		{D75BFE28-1687-43A5-9D1F-627C825FB8BB}.Release|x64.Build.0 = Release|Any CPU
		{D75BFE28-1687-43A5-9D1F-627C825FB8BB}.Release|x64.Deploy.0 = Release|Any CPU
		{D75BFE28-1687-43A5-9D1F-627C825FB8BB}.Release|x86.ActiveCfg = Release|Any CPU
		{D75BFE28-1687-43A5-9D1F-627C825FB8BB}.Release|x86.Build.0 = Release|Any CPU
		{D75BFE28-1687-43A5-9D1F-627C825FB8BB}.Release|x86.Deploy.0 = Release|Any CPU
		{E29D2261-8A05-41A6-B20F-3D0B4764A80D}.Debug|Any CPU.ActiveCfg = Debug|Any CPU
		{E29D2261-8A05-41A6-B20F-3D0B4764A80D}.Debug|Any CPU.Build.0 = Debug|Any CPU
		{E29D2261-8A05-41A6-B20F-3D0B4764A80D}.Debug|ARM.ActiveCfg = Debug|Any CPU
		{E29D2261-8A05-41A6-B20F-3D0B4764A80D}.Debug|ARM.Build.0 = Debug|Any CPU
		{E29D2261-8A05-41A6-B20F-3D0B4764A80D}.Debug|iPhone.ActiveCfg = Debug|Any CPU
		{E29D2261-8A05-41A6-B20F-3D0B4764A80D}.Debug|iPhone.Build.0 = Debug|Any CPU
		{E29D2261-8A05-41A6-B20F-3D0B4764A80D}.Debug|iPhoneSimulator.ActiveCfg = Debug|Any CPU
		{E29D2261-8A05-41A6-B20F-3D0B4764A80D}.Debug|iPhoneSimulator.Build.0 = Debug|Any CPU
		{E29D2261-8A05-41A6-B20F-3D0B4764A80D}.Debug|x64.ActiveCfg = Debug|Any CPU
		{E29D2261-8A05-41A6-B20F-3D0B4764A80D}.Debug|x64.Build.0 = Debug|Any CPU
		{E29D2261-8A05-41A6-B20F-3D0B4764A80D}.Debug|x86.ActiveCfg = Debug|Any CPU
		{E29D2261-8A05-41A6-B20F-3D0B4764A80D}.Debug|x86.Build.0 = Debug|Any CPU
		{E29D2261-8A05-41A6-B20F-3D0B4764A80D}.Release|Any CPU.ActiveCfg = Release|Any CPU
		{E29D2261-8A05-41A6-B20F-3D0B4764A80D}.Release|Any CPU.Build.0 = Release|Any CPU
		{E29D2261-8A05-41A6-B20F-3D0B4764A80D}.Release|ARM.ActiveCfg = Release|Any CPU
		{E29D2261-8A05-41A6-B20F-3D0B4764A80D}.Release|ARM.Build.0 = Release|Any CPU
		{E29D2261-8A05-41A6-B20F-3D0B4764A80D}.Release|iPhone.ActiveCfg = Release|Any CPU
		{E29D2261-8A05-41A6-B20F-3D0B4764A80D}.Release|iPhone.Build.0 = Release|Any CPU
		{E29D2261-8A05-41A6-B20F-3D0B4764A80D}.Release|iPhoneSimulator.ActiveCfg = Release|Any CPU
		{E29D2261-8A05-41A6-B20F-3D0B4764A80D}.Release|iPhoneSimulator.Build.0 = Release|Any CPU
		{E29D2261-8A05-41A6-B20F-3D0B4764A80D}.Release|x64.ActiveCfg = Release|Any CPU
		{E29D2261-8A05-41A6-B20F-3D0B4764A80D}.Release|x64.Build.0 = Release|Any CPU
		{E29D2261-8A05-41A6-B20F-3D0B4764A80D}.Release|x86.ActiveCfg = Release|Any CPU
		{E29D2261-8A05-41A6-B20F-3D0B4764A80D}.Release|x86.Build.0 = Release|Any CPU
	EndGlobalSection
	GlobalSection(SolutionProperties) = preSolution
		HideSolutionNode = FALSE
	EndGlobalSection
	GlobalSection(ExtensibilityGlobals) = postSolution
		SolutionGuid = {5D4F445F-8A53-4AC2-9DE6-E207B1ED436D}
	EndGlobalSection
EndGlobal
